github.com/ayanozturk/go-php-parser v0.0.0-20260916120113-175f041f7902 h1:p2TBCfemioOXQY2z1dqsnvfv8oEhyDbEXr7eprYWa/k=
github.com/ayanozturk/go-php-parser v0.0.0-20260916120113-175f041f7902/go.mod h1:CWpxmRlRRZZH4zG9p7dJ9XCVDg4R2aOMsKRRrQuh0Vw=
github.com/ayanozturk/go-php-parser v0.0.0-20260916120611-8739fb9194c7 h1:IEsZ3wRSbpV300HDmcKM/Qgvm3OlBpC2XE67C3eXiA0=
github.com/ayanozturk/go-php-parser v0.0.0-20260916120611-8739fb9194c7/go.mod h1:CWpxmRlRRZZH4zG9p7dJ9XCVDg4R2aOMsKRRrQuh0Vw=
gopkg.in/check.v1 v0.0.0-20161208181325-20d25e280405/go.mod h1:Co6ibVJAznAaIkqp8huTwlJQCZ016jof/cbN4VW5Yz0=
gopkg.in/yaml.v2 v2.4.0 h1:D8xgwECY7CYvx+Y2n4sBz93Jn9JRvxdiyyo8CTfuKaY=
gopkg.in/yaml.v2 v2.4.0/go.mod h1:RDklbk79AGWmwhnvt/jBztapEOGDOx6ZbXqjP6csGnQ=
