github.com/ayanozturk/go-php-parser v0.0.0-20260905120832-7b546470a5d6 h1:Ut6GIzyZHaBbCE/yfsV1s2zXT+aT227s6UugYwhF1Yc=
github.com/ayanozturk/go-php-parser v0.0.0-20260905120832-7b546470a5d6/go.mod h1:CWpxmRlRRZZH4zG9p7dJ9XCVDg4R2aOMsKRRrQuh0Vw=
github.com/ayanozturk/go-php-parser v0.0.0-20260905124731-c00b2d42da9c h1:q1bdDEPUYn/LBCzgU6IIOa7TgKcP80qq9xh0ut7RLyk=
github.com/ayanozturk/go-php-parser v0.0.0-20260905124731-c00b2d42da9c/go.mod h1:CWpxmRlRRZZH4zG9p7dJ9XCVDg4R2aOMsKRRrQuh0Vw=
gopkg.in/check.v1 v0.0.0-20161208181325-20d25e280405/go.mod h1:Co6ibVJAznAaIkqp8huTwlJQCZ016jof/cbN4VW5Yz0=
gopkg.in/yaml.v2 v2.4.0 h1:D8xgwECY7CYvx+Y2n4sBz93Jn9JRvxdiyyo8CTfuKaY=
gopkg.in/yaml.v2 v2.4.0/go.mod h1:RDklbk79AGWmwhnvt/jBztapEOGDOx6ZbXqjP6csGnQ=
